Microsoft Visual Studio Solution File, Format Version 11.00
# Visual Studio 2008

Project("{A0422723-EDE5-AAFF-613D-9C97D7F1047E}") = "TellTaleHearts", "Assembly-CSharp-firstpass-vs.csproj", "{10540494-AE38-AEAE-80F2-3B42302DC32D}"
EndProject
Project("{A0422723-EDE5-AAFF-613D-9C97D7F1047E}") = "TellTaleHearts", "Assembly-CSharp-vs.csproj", "{4FEACA84-F563-D1B2-EC03-231DB79B542C}"
EndProject
Project("{A0422723-EDE5-AAFF-613D-9C97D7F1047E}") = "TellTaleHearts", "Assembly-CSharp-Editor-vs.csproj", "{C9EC9453-18CA-694B-282C-6458A69BEAA0}"
EndProject
Global
	GlobalSection(SolutionConfigurationPlatforms) = preSolution
		Debug|Any CPU = Debug|Any CPU
		Release|Any CPU = Release|Any CPU
	EndGlobalSection
	GlobalSection(ProjectConfigurationPlatforms) = postSolution
		{10540494-AE38-AEAE-80F2-3B42302DC32D}.Debug|Any CPU.ActiveCfg = Debug|Any CPU
		{10540494-AE38-AEAE-80F2-3B42302DC32D}.Debug|Any CPU.Build.0 = Debug|Any CPU
		{10540494-AE38-AEAE-80F2-3B42302DC32D}.Release|Any CPU.ActiveCfg = Release|Any CPU
		{10540494-AE38-AEAE-80F2-3B42302DC32D}.Release|Any CPU.Build.0 = Release|Any CPU
		{4FEACA84-F563-D1B2-EC03-231DB79B542C}.Debug|Any CPU.ActiveCfg = Debug|Any CPU
		{4FEACA84-F563-D1B2-EC03-231DB79B542C}.Debug|Any CPU.Build.0 = Debug|Any CPU
		{4FEACA84-F563-D1B2-EC03-231DB79B542C}.Release|Any CPU.ActiveCfg = Release|Any CPU
		{4FEACA84-F563-D1B2-EC03-231DB79B542C}.Release|Any CPU.Build.0 = Release|Any CPU
		{C9EC9453-18CA-694B-282C-6458A69BEAA0}.Debug|Any CPU.ActiveCfg = Debug|Any CPU
		{C9EC9453-18CA-694B-282C-6458A69BEAA0}.Debug|Any CPU.Build.0 = Debug|Any CPU
		{C9EC9453-18CA-694B-282C-6458A69BEAA0}.Release|Any CPU.ActiveCfg = Release|Any CPU
		{C9EC9453-18CA-694B-282C-6458A69BEAA0}.Release|Any CPU.Build.0 = Release|Any CPU
	EndGlobalSection
	GlobalSection(SolutionProperties) = preSolution
		HideSolutionNode = FALSE
	EndGlobalSection
																																																			GlobalSection(MonoDevelopProperties) = preSolution
		StartupItem = Assembly-CSharp.csproj
		Policies = $0
		$0.TextStylePolicy = $1
		$1.inheritsSet = null
		$1.scope = text/x-csharp
		$0.CSharpFormattingPolicy = $2
		$2.inheritsSet = Mono
		$2.inheritsScope = text/x-csharp
		$2.scope = text/x-csharp
		$0.TextStylePolicy = $3
		$3.FileWidth = 120
		$3.TabWidth = 4
		$3.EolMarker = Unix
		$3.inheritsSet = Mono
		$3.inheritsScope = text/plain
		$3.scope = text/plain
	EndGlobalSection

EndGlobal
